// !$*UTF8*$!
{
	archiveVersion = 1;
	classes = {
	};
	objectVersion = 46;
	objects = {

/* Begin PBXBuildFile section */
		33968990889B523C34F95371 /* Pods_productTweeperTests.framework in Frameworks */ = {isa = PBXBuildFile; fileRef = E132DB5AE238177CE3E463EF /* Pods_productTweeperTests.framework */; };
		5376974F225AC8A841925B69 /* Pods_productTweeper.framework in Frameworks */ = {isa = PBXBuildFile; fileRef = D05BC277EFEBA43E801A6BD7 /* Pods_productTweeper.framework */; };
		570FC1BA1F0BE9DB00FEAC03 /* ViewControllerForScreenManagerOfSearch.swift in Sources */ = {isa = PBXBuildFile; fileRef = 570FC1B91F0BE9DB00FEAC03 /* ViewControllerForScreenManagerOfSearch.swift */; };
		570FC1BE1F0BEA1700FEAC03 /* ViewControllerForScreenFilter.swift in Sources */ = {isa = PBXBuildFile; fileRef = 570FC1BD1F0BEA1700FEAC03 /* ViewControllerForScreenFilter.swift */; };
		570FC1C01F0BEA2900FEAC03 /* ViewControllerForScreenPreferences.swift in Sources */ = {isa = PBXBuildFile; fileRef = 570FC1BF1F0BEA2900FEAC03 /* ViewControllerForScreenPreferences.swift */; };
		571DDEA71F26775300FB5841 /* GenericControllerOfList.swift in Sources */ = {isa = PBXBuildFile; fileRef = 571DDEA31F26775300FB5841 /* GenericControllerOfList.swift */; };
		571DDEA81F26775300FB5841 /* GenericControllerOfPickerOfColor.swift in Sources */ = {isa = PBXBuildFile; fileRef = 571DDEA41F26775300FB5841 /* GenericControllerOfPickerOfColor.swift */; };
		571DDEA91F26775300FB5841 /* GenericControllerOfPickerOfFont.swift in Sources */ = {isa = PBXBuildFile; fileRef = 571DDEA51F26775300FB5841 /* GenericControllerOfPickerOfFont.swift */; };
		571DDEAA1F26775300FB5841 /* GenericControllerOfSettings.swift in Sources */ = {isa = PBXBuildFile; fileRef = 571DDEA61F26775300FB5841 /* GenericControllerOfSettings.swift */; };
		5748C4931F21494C000D2111 /* AlamofireSwiftyJSON.swift in Sources */ = {isa = PBXBuildFile; fileRef = 5748C4921F21494C000D2111 /* AlamofireSwiftyJSON.swift */; };
		575268881F1E868800F8D8B2 /* Preferences.swift in Sources */ = {isa = PBXBuildFile; fileRef = 575268871F1E868800F8D8B2 /* Preferences.swift */; };
		5752688C1F1EF3BA00F8D8B2 /* Search.swift in Sources */ = {isa = PBXBuildFile; fileRef = 5752688B1F1EF3BA00F8D8B2 /* Search.swift */; };
		575268BA1F20451800F8D8B2 /* ViewControllerForScreenSearch.swift in Sources */ = {isa = PBXBuildFile; fileRef = 575268B91F20451800F8D8B2 /* ViewControllerForScreenSearch.swift */; };
		575268BC1F2045EB00F8D8B2 /* TweetModel.swift in Sources */ = {isa = PBXBuildFile; fileRef = 575268BB1F2045EB00F8D8B2 /* TweetModel.swift */; };
		575268BE1F2045FB00F8D8B2 /* TweetView.swift in Sources */ = {isa = PBXBuildFile; fileRef = 575268BD1F2045FB00F8D8B2 /* TweetView.swift */; };
		575268C01F20464800F8D8B2 /* Twitter.swift in Sources */ = {isa = PBXBuildFile; fileRef = 575268BF1F20464800F8D8B2 /* Twitter.swift */; };
		575268C21F20466800F8D8B2 /* User.swift in Sources */ = {isa = PBXBuildFile; fileRef = 575268C11F20466800F8D8B2 /* User.swift */; };
		575268C41F20468400F8D8B2 /* Consumer.swift in Sources */ = {isa = PBXBuildFile; fileRef = 575268C31F20468400F8D8B2 /* Consumer.swift */; };
		576047F31F0AACC20066F1D0 /* AppDelegate.swift in Sources */ = {isa = PBXBuildFile; fileRef = 576047F21F0AACC20066F1D0 /* AppDelegate.swift */; };
		576047F51F0AACC20066F1D0 /* ViewControllerForScreenMain.swift in Sources */ = {isa = PBXBuildFile; fileRef = 576047F41F0AACC20066F1D0 /* ViewControllerForScreenMain.swift */; };
		576047F81F0AACC20066F1D0 /* Main.storyboard in Resources */ = {isa = PBXBuildFile; fileRef = 576047F61F0AACC20066F1D0 /* Main.storyboard */; };
		576047FB1F0AACC20066F1D0 /* productTweeper.xcdatamodeld in Sources */ = {isa = PBXBuildFile; fileRef = 576047F91F0AACC20066F1D0 /* productTweeper.xcdatamodeld */; };
		576047FD1F0AACC20066F1D0 /* Assets.xcassets in Resources */ = {isa = PBXBuildFile; fileRef = 576047FC1F0AACC20066F1D0 /* Assets.xcassets */; };
		576048001F0AACC20066F1D0 /* LaunchScreen.storyboard in Resources */ = {isa = PBXBuildFile; fileRef = 576047FE1F0AACC20066F1D0 /* LaunchScreen.storyboard */; };
		5760480B1F0AACC30066F1D0 /* productTweeperTests.swift in Sources */ = {isa = PBXBuildFile; fileRef = 5760480A1F0AACC30066F1D0 /* productTweeperTests.swift */; };
		576048161F0AACC30066F1D0 /* productTweeperUITests.swift in Sources */ = {isa = PBXBuildFile; fileRef = 576048151F0AACC30066F1D0 /* productTweeperUITests.swift */; };
		5790225D1F28F6E700F26BF2 /* GenericSetting.swift in Sources */ = {isa = PBXBuildFile; fileRef = 5790225C1F28F6E700F26BF2 /* GenericSetting.swift */; };
		579727B31F214E6C00C302E7 /* ExtensionForAlamofireImage.swift in Sources */ = {isa = PBXBuildFile; fileRef = 579727B21F214E6C00C302E7 /* ExtensionForAlamofireImage.swift */; };
		57A5354F1F2055170048BA8F /* TweetView.xib in Resources */ = {isa = PBXBuildFile; fileRef = 57A5354E1F2055170048BA8F /* TweetView.xib */; };
		57F624B91F1E54F500211673 /* ASToolkit.framework in Frameworks */ = {isa = PBXBuildFile; fileRef = 579713011F1E5432001C4AE3 /* ASToolkit.framework */; };
		57F624BA1F1E54F500211673 /* ASToolkit.framework in Embed Frameworks */ = {isa = PBXBuildFile; fileRef = 579713011F1E5432001C4AE3 /* ASToolkit.framework */; settings = {ATTRIBUTES = (CodeSignOnCopy, RemoveHeadersOnCopy, ); }; };
		70876B249A33579ECB7108A9 /* Pods_productTweeperUITests.framework in Frameworks */ = {isa = PBXBuildFile; fileRef = 4BD46DE72508FA3CA4EDDBF3 /* Pods_productTweeperUITests.framework */; };
/* End PBXBuildFile section */

/* Begin PBXContainerItemProxy section */
		576048071F0AACC30066F1D0 /* PBXContainerItemProxy */ = {
			isa = PBXContainerItemProxy;
			containerPortal = 576047E71F0AACC20066F1D0 /* Project object */;
			proxyType = 1;
			remoteGlobalIDString = 576047EE1F0AACC20066F1D0;
			remoteInfo = productTweeper;
		};
		576048121F0AACC30066F1D0 /* PBXContainerItemProxy */ = {
			isa = PBXContainerItemProxy;
			containerPortal = 576047E71F0AACC20066F1D0 /* Project object */;
			proxyType = 1;
			remoteGlobalIDString = 576047EE1F0AACC20066F1D0;
			remoteInfo = productTweeper;
		};
		579713001F1E5432001C4AE3 /* PBXContainerItemProxy */ = {
			isa = PBXContainerItemProxy;
			containerPortal = 579712FB1F1E5432001C4AE3 /* ASToolkit.xcodeproj */;
			proxyType = 2;
			remoteGlobalIDString = 570FC1FD1F111E0E00FEAC03;
			remoteInfo = ASToolkit;
		};
		579713021F1E5432001C4AE3 /* PBXContainerItemProxy */ = {
			isa = PBXContainerItemProxy;
			containerPortal = 579712FB1F1E5432001C4AE3 /* ASToolkit.xcodeproj */;
			proxyType = 2;
			remoteGlobalIDString = 570FC2061F111E0E00FEAC03;
			remoteInfo = ASToolkitTests;
		};
		57F624BB1F1E54F500211673 /* PBXContainerItemProxy */ = {
			isa = PBXContainerItemProxy;
			containerPortal = 579712FB1F1E5432001C4AE3 /* ASToolkit.xcodeproj */;
			proxyType = 1;
			remoteGlobalIDString = 570FC1FC1F111E0E00FEAC03;
			remoteInfo = ASToolkit;
		};
/* End PBXContainerItemProxy section */

/* Begin PBXCopyFilesBuildPhase section */
		57F624BD1F1E54F600211673 /* Embed Frameworks */ = {
			isa = PBXCopyFilesBuildPhase;
			buildActionMask = 2147483647;
			dstPath = "";
			dstSubfolderSpec = 10;
			files = (
				57F624BA1F1E54F500211673 /* ASToolkit.framework in Embed Frameworks */,
			);
			name = "Embed Frameworks";
			runOnlyForDeploymentPostprocessing = 0;
		};
/* End PBXCopyFilesBuildPhase section */

/* Begin PBXFileReference section */
		1410290E1A21A822AFC50D3A /* Pods-productTweeper.debug.xcconfig */ = {isa = PBXFileReference; includeInIndex = 1; lastKnownFileType = text.xcconfig; name = "Pods-productTweeper.debug.xcconfig"; path = "Pods/Target Support Files/Pods-productTweeper/Pods-productTweeper.debug.xcconfig"; sourceTree = "<group>"; };
		3D90ADEE629B123E2BE24665 /* Pods-productTweeperTests.release.xcconfig */ = {isa = PBXFileReference; includeInIndex = 1; lastKnownFileType = text.xcconfig; name = "Pods-productTweeperTests.release.xcconfig"; path = "Pods/Target Support Files/Pods-productTweeperTests/Pods-productTweeperTests.release.xcconfig"; sourceTree = "<group>"; };
		3E8DFDE30A658570B3F68C67 /* Pods-productTweeperUITests.release.xcconfig */ = {isa = PBXFileReference; includeInIndex = 1; lastKnownFileType = text.xcconfig; name = "Pods-productTweeperUITests.release.xcconfig"; path = "Pods/Target Support Files/Pods-productTweeperUITests/Pods-productTweeperUITests.release.xcconfig"; sourceTree = "<group>"; };
		4BD46DE72508FA3CA4EDDBF3 /* Pods_productTweeperUITests.framework */ = {isa = PBXFileReference; explicitFileType = wrapper.framework; includeInIndex = 0; path = Pods_productTweeperUITests.framework; sourceTree = BUILT_PRODUCTS_DIR; };
		4DBC16F76C479E2256870FDB /* Pods-productTweeperTests.debug.xcconfig */ = {isa = PBXFileReference; includeInIndex = 1; lastKnownFileType = text.xcconfig; name = "Pods-productTweeperTests.debug.xcconfig"; path = "Pods/Target Support Files/Pods-productTweeperTests/Pods-productTweeperTests.debug.xcconfig"; sourceTree = "<group>"; };
		570FC1B91F0BE9DB00FEAC03 /* ViewControllerForScreenManagerOfSearch.swift */ = {isa = PBXFileReference; fileEncoding = 4; lastKnownFileType = sourcecode.swift; path = ViewControllerForScreenManagerOfSearch.swift; sourceTree = "<group>"; };
		570FC1BD1F0BEA1700FEAC03 /* ViewControllerForScreenFilter.swift */ = {isa = PBXFileReference; fileEncoding = 4; lastKnownFileType = sourcecode.swift; path = ViewControllerForScreenFilter.swift; sourceTree = "<group>"; };
		570FC1BF1F0BEA2900FEAC03 /* ViewControllerForScreenPreferences.swift */ = {isa = PBXFileReference; fileEncoding = 4; lastKnownFileType = sourcecode.swift; path = ViewControllerForScreenPreferences.swift; sourceTree = "<group>"; };
		571DDEA31F26775300FB5841 /* GenericControllerOfList.swift */ = {isa = PBXFileReference; fileEncoding = 4; lastKnownFileType = sourcecode.swift; path = GenericControllerOfList.swift; sourceTree = "<group>"; };
		571DDEA41F26775300FB5841 /* GenericControllerOfPickerOfColor.swift */ = {isa = PBXFileReference; fileEncoding = 4; lastKnownFileType = sourcecode.swift; path = GenericControllerOfPickerOfColor.swift; sourceTree = "<group>"; };
		571DDEA51F26775300FB5841 /* GenericControllerOfPickerOfFont.swift */ = {isa = PBXFileReference; fileEncoding = 4; lastKnownFileType = sourcecode.swift; path = GenericControllerOfPickerOfFont.swift; sourceTree = "<group>"; };
		571DDEA61F26775300FB5841 /* GenericControllerOfSettings.swift */ = {isa = PBXFileReference; fileEncoding = 4; lastKnownFileType = sourcecode.swift; path = GenericControllerOfSettings.swift; sourceTree = "<group>"; };
		5748C4921F21494C000D2111 /* AlamofireSwiftyJSON.swift */ = {isa = PBXFileReference; fileEncoding = 4; lastKnownFileType = sourcecode.swift; path = AlamofireSwiftyJSON.swift; sourceTree = "<group>"; };
		575268871F1E868800F8D8B2 /* Preferences.swift */ = {isa = PBXFileReference; fileEncoding = 4; lastKnownFileType = sourcecode.swift; path = Preferences.swift; sourceTree = "<group>"; };
		5752688B1F1EF3BA00F8D8B2 /* Search.swift */ = {isa = PBXFileReference; fileEncoding = 4; lastKnownFileType = sourcecode.swift; path = Search.swift; sourceTree = "<group>"; };
		575268B91F20451800F8D8B2 /* ViewControllerForScreenSearch.swift */ = {isa = PBXFileReference; fileEncoding = 4; lastKnownFileType = sourcecode.swift; path = ViewControllerForScreenSearch.swift; sourceTree = "<group>"; };
		575268BB1F2045EB00F8D8B2 /* TweetModel.swift */ = {isa = PBXFileReference; fileEncoding = 4; lastKnownFileType = sourcecode.swift; path = TweetModel.swift; sourceTree = "<group>"; };
		575268BD1F2045FB00F8D8B2 /* TweetView.swift */ = {isa = PBXFileReference; fileEncoding = 4; lastKnownFileType = sourcecode.swift; path = TweetView.swift; sourceTree = "<group>"; };
		575268BF1F20464800F8D8B2 /* Twitter.swift */ = {isa = PBXFileReference; fileEncoding = 4; lastKnownFileType = sourcecode.swift; path = Twitter.swift; sourceTree = "<group>"; };
		575268C11F20466800F8D8B2 /* User.swift */ = {isa = PBXFileReference; fileEncoding = 4; lastKnownFileType = sourcecode.swift; path = User.swift; sourceTree = "<group>"; };
		575268C31F20468400F8D8B2 /* Consumer.swift */ = {isa = PBXFileReference; fileEncoding = 4; lastKnownFileType = sourcecode.swift; path = Consumer.swift; sourceTree = "<group>"; };
		575268C51F204BF200F8D8B2 /* Podfile */ = {isa = PBXFileReference; fileEncoding = 4; lastKnownFileType = text; path = Podfile; sourceTree = SOURCE_ROOT; xcLanguageSpecificationIdentifier = xcode.lang.ruby; };
		576047EF1F0AACC20066F1D0 /* productTweeper.app */ = {isa = PBXFileReference; explicitFileType = wrapper.application; includeInIndex = 0; path = productTweeper.app; sourceTree = BUILT_PRODUCTS_DIR; };
		576047F21F0AACC20066F1D0 /* AppDelegate.swift */ = {isa = PBXFileReference; lastKnownFileType = sourcecode.swift; path = AppDelegate.swift; sourceTree = "<group>"; };
		576047F41F0AACC20066F1D0 /* ViewControllerForScreenMain.swift */ = {isa = PBXFileReference; lastKnownFileType = sourcecode.swift; path = ViewControllerForScreenMain.swift; sourceTree = "<group>"; };
		576047F71F0AACC20066F1D0 /* Base */ = {isa = PBXFileReference; lastKnownFileType = file.storyboard; name = Base; path = Base.lproj/Main.storyboard; sourceTree = "<group>"; };
		576047FA1F0AACC20066F1D0 /* productTweeper.xcdatamodel */ = {isa = PBXFileReference; lastKnownFileType = wrapper.xcdatamodel; path = productTweeper.xcdatamodel; sourceTree = "<group>"; };
		576047FC1F0AACC20066F1D0 /* Assets.xcassets */ = {isa = PBXFileReference; lastKnownFileType = folder.assetcatalog; path = Assets.xcassets; sourceTree = "<group>"; };
		576047FF1F0AACC20066F1D0 /* Base */ = {isa = PBXFileReference; lastKnownFileType = file.storyboard; name = Base; path = Base.lproj/LaunchScreen.storyboard; sourceTree = "<group>"; };
		576048011F0AACC30066F1D0 /* Info.plist */ = {isa = PBXFileReference; lastKnownFileType = text.plist.xml; path = Info.plist; sourceTree = "<group>"; };
		576048061F0AACC30066F1D0 /* productTweeperTests.xctest */ = {isa = PBXFileReference; explicitFileType = wrapper.cfbundle; includeInIndex = 0; path = productTweeperTests.xctest; sourceTree = BUILT_PRODUCTS_DIR; };
		5760480A1F0AACC30066F1D0 /* productTweeperTests.swift */ = {isa = PBXFileReference; lastKnownFileType = sourcecode.swift; path = productTweeperTests.swift; sourceTree = "<group>"; };
		5760480C1F0AACC30066F1D0 /* Info.plist */ = {isa = PBXFileReference; lastKnownFileType = text.plist.xml; path = Info.plist; sourceTree = "<group>"; };
		576048111F0AACC30066F1D0 /* productTweeperUITests.xctest */ = {isa = PBXFileReference; explicitFileType = wrapper.cfbundle; includeInIndex = 0; path = productTweeperUITests.xctest; sourceTree = BUILT_PRODUCTS_DIR; };
		576048151F0AACC30066F1D0 /* productTweeperUITests.swift */ = {isa = PBXFileReference; lastKnownFileType = sourcecode.swift; path = productTweeperUITests.swift; sourceTree = "<group>"; };
		576048171F0AACC30066F1D0 /* Info.plist */ = {isa = PBXFileReference; lastKnownFileType = text.plist.xml; path = Info.plist; sourceTree = "<group>"; };
		5790225C1F28F6E700F26BF2 /* GenericSetting.swift */ = {isa = PBXFileReference; fileEncoding = 4; lastKnownFileType = sourcecode.swift; path = GenericSetting.swift; sourceTree = "<group>"; };
		579712FB1F1E5432001C4AE3 /* ASToolkit.xcodeproj */ = {isa = PBXFileReference; lastKnownFileType = "wrapper.pb-project"; name = ASToolkit.xcodeproj; path = ../ASToolkit/ASToolkit.xcodeproj; sourceTree = "<group>"; };
		579727B21F214E6C00C302E7 /* ExtensionForAlamofireImage.swift */ = {isa = PBXFileReference; fileEncoding = 4; lastKnownFileType = sourcecode.swift; path = ExtensionForAlamofireImage.swift; sourceTree = "<group>"; };
		57A5354E1F2055170048BA8F /* TweetView.xib */ = {isa = PBXFileReference; fileEncoding = 4; lastKnownFileType = file.xib; path = TweetView.xib; sourceTree = "<group>"; };
		C26E688D5DB409311CD6D148 /* Pods-productTweeperUITests.debug.xcconfig */ = {isa = PBXFileReference; includeInIndex = 1; lastKnownFileType = text.xcconfig; name = "Pods-productTweeperUITests.debug.xcconfig"; path = "Pods/Target Support Files/Pods-productTweeperUITests/Pods-productTweeperUITests.debug.xcconfig"; sourceTree = "<group>"; };
		D022AD334CDEF5C8029F9060 /* Pods-productTweeper.release.xcconfig */ = {isa = PBXFileReference; includeInIndex = 1; lastKnownFileType = text.xcconfig; name = "Pods-productTweeper.release.xcconfig"; path = "Pods/Target Support Files/Pods-productTweeper/Pods-productTweeper.release.xcconfig"; sourceTree = "<group>"; };
		D05BC277EFEBA43E801A6BD7 /* Pods_productTweeper.framework */ = {isa = PBXFileReference; explicitFileType = wrapper.framework; includeInIndex = 0; path = Pods_productTweeper.framework; sourceTree = BUILT_PRODUCTS_DIR; };
		E132DB5AE238177CE3E463EF /* Pods_productTweeperTests.framework */ = {isa = PBXFileReference; explicitFileType = wrapper.framework; includeInIndex = 0; path = Pods_productTweeperTests.framework; sourceTree = BUILT_PRODUCTS_DIR; };
/* End PBXFileReference section */

/* Begin PBXFrameworksBuildPhase section */
		576047EC1F0AACC20066F1D0 /* Frameworks */ = {
			isa = PBXFrameworksBuildPhase;
			buildActionMask = 2147483647;
			files = (
				57F624B91F1E54F500211673 /* ASToolkit.framework in Frameworks */,
				5376974F225AC8A841925B69 /* Pods_productTweeper.framework in Frameworks */,
			);
			runOnlyForDeploymentPostprocessing = 0;
		};
		576048031F0AACC30066F1D0 /* Frameworks */ = {
			isa = PBXFrameworksBuildPhase;
			buildActionMask = 2147483647;
			files = (
				33968990889B523C34F95371 /* Pods_productTweeperTests.framework in Frameworks */,
			);
			runOnlyForDeploymentPostprocessing = 0;
		};
		5760480E1F0AACC30066F1D0 /* Frameworks */ = {
			isa = PBXFrameworksBuildPhase;
			buildActionMask = 2147483647;
			files = (
				70876B249A33579ECB7108A9 /* Pods_productTweeperUITests.framework in Frameworks */,
			);
			runOnlyForDeploymentPostprocessing = 0;
		};
/* End PBXFrameworksBuildPhase section */

/* Begin PBXGroup section */
		576047E61F0AACC20066F1D0 = {
			isa = PBXGroup;
			children = (
				579712FB1F1E5432001C4AE3 /* ASToolkit.xcodeproj */,
				576047F11F0AACC20066F1D0 /* productTweeper */,
				576048091F0AACC30066F1D0 /* productTweeperTests */,
				576048141F0AACC30066F1D0 /* productTweeperUITests */,
				576047F01F0AACC20066F1D0 /* Products */,
				F925890796C21F21ECE79C11 /* Pods */,
				74CA1858007DD30E8458CA61 /* Frameworks */,
			);
			sourceTree = "<group>";
		};
		576047F01F0AACC20066F1D0 /* Products */ = {
			isa = PBXGroup;
			children = (
				576047EF1F0AACC20066F1D0 /* productTweeper.app */,
				576048061F0AACC30066F1D0 /* productTweeperTests.xctest */,
				576048111F0AACC30066F1D0 /* productTweeperUITests.xctest */,
			);
			name = Products;
			sourceTree = "<group>";
		};
		576047F11F0AACC20066F1D0 /* productTweeper */ = {
			isa = PBXGroup;
			children = (
				571DDEA31F26775300FB5841 /* GenericControllerOfList.swift */,
				571DDEA41F26775300FB5841 /* GenericControllerOfPickerOfColor.swift */,
				571DDEA51F26775300FB5841 /* GenericControllerOfPickerOfFont.swift */,
				571DDEA61F26775300FB5841 /* GenericControllerOfSettings.swift */,
				5790225C1F28F6E700F26BF2 /* GenericSetting.swift */,
				575268C51F204BF200F8D8B2 /* Podfile */,
				576048011F0AACC30066F1D0 /* Info.plist */,
				5748C4921F21494C000D2111 /* AlamofireSwiftyJSON.swift */,
				576047F21F0AACC20066F1D0 /* AppDelegate.swift */,
				575268C31F20468400F8D8B2 /* Consumer.swift */,
				579727B21F214E6C00C302E7 /* ExtensionForAlamofireImage.swift */,
				575268871F1E868800F8D8B2 /* Preferences.swift */,
				5752688B1F1EF3BA00F8D8B2 /* Search.swift */,
				575268BB1F2045EB00F8D8B2 /* TweetModel.swift */,
				575268BD1F2045FB00F8D8B2 /* TweetView.swift */,
				575268BF1F20464800F8D8B2 /* Twitter.swift */,
				575268C11F20466800F8D8B2 /* User.swift */,
				570FC1BD1F0BEA1700FEAC03 /* ViewControllerForScreenFilter.swift */,
				576047F41F0AACC20066F1D0 /* ViewControllerForScreenMain.swift */,
				570FC1B91F0BE9DB00FEAC03 /* ViewControllerForScreenManagerOfSearch.swift */,
				570FC1BF1F0BEA2900FEAC03 /* ViewControllerForScreenPreferences.swift */,
				575268B91F20451800F8D8B2 /* ViewControllerForScreenSearch.swift */,
				576047FC1F0AACC20066F1D0 /* Assets.xcassets */,
				57A5354E1F2055170048BA8F /* TweetView.xib */,
				576047FE1F0AACC20066F1D0 /* LaunchScreen.storyboard */,
				576047F61F0AACC20066F1D0 /* Main.storyboard */,
				576047F91F0AACC20066F1D0 /* productTweeper.xcdatamodeld */,
			);
			path = productTweeper;
			sourceTree = "<group>";
		};
		576048091F0AACC30066F1D0 /* productTweeperTests */ = {
			isa = PBXGroup;
			children = (
				5760480A1F0AACC30066F1D0 /* productTweeperTests.swift */,
				5760480C1F0AACC30066F1D0 /* Info.plist */,
			);
			path = productTweeperTests;
			sourceTree = "<group>";
		};
		576048141F0AACC30066F1D0 /* productTweeperUITests */ = {
			isa = PBXGroup;
			children = (
				576048151F0AACC30066F1D0 /* productTweeperUITests.swift */,
				576048171F0AACC30066F1D0 /* Info.plist */,
			);
			path = productTweeperUITests;
			sourceTree = "<group>";
		};
		579712FC1F1E5432001C4AE3 /* Products */ = {
			isa = PBXGroup;
			children = (
				579713011F1E5432001C4AE3 /* ASToolkit.framework */,
				579713031F1E5432001C4AE3 /* ASToolkitTests.xctest */,
			);
			name = Products;
			sourceTree = "<group>";
		};
		74CA1858007DD30E8458CA61 /* Frameworks */ = {
			isa = PBXGroup;
			children = (
				D05BC277EFEBA43E801A6BD7 /* Pods_productTweeper.framework */,
				E132DB5AE238177CE3E463EF /* Pods_productTweeperTests.framework */,
				4BD46DE72508FA3CA4EDDBF3 /* Pods_productTweeperUITests.framework */,
			);
			name = Frameworks;
			sourceTree = "<group>";
		};
		F925890796C21F21ECE79C11 /* Pods */ = {
			isa = PBXGroup;
			children = (
				1410290E1A21A822AFC50D3A /* Pods-productTweeper.debug.xcconfig */,
				D022AD334CDEF5C8029F9060 /* Pods-productTweeper.release.xcconfig */,
				4DBC16F76C479E2256870FDB /* Pods-productTweeperTests.debug.xcconfig */,
				3D90ADEE629B123E2BE24665 /* Pods-productTweeperTests.release.xcconfig */,
				C26E688D5DB409311CD6D148 /* Pods-productTweeperUITests.debug.xcconfig */,
				3E8DFDE30A658570B3F68C67 /* Pods-productTweeperUITests.release.xcconfig */,
			);
			name = Pods;
			sourceTree = "<group>";
		};
/* End PBXGroup section */

/* Begin PBXNativeTarget section */
		576047EE1F0AACC20066F1D0 /* productTweeper */ = {
			isa = PBXNativeTarget;
			buildConfigurationList = 5760481A1F0AACC30066F1D0 /* Build configuration list for PBXNativeTarget "productTweeper" */;
			buildPhases = (
				5A511611B31AAABF35698E5B /* [CP] Check Pods Manifest.lock */,
				576047EB1F0AACC20066F1D0 /* Sources */,
				576047EC1F0AACC20066F1D0 /* Frameworks */,
				576047ED1F0AACC20066F1D0 /* Resources */,
				57F624BD1F1E54F600211673 /* Embed Frameworks */,
				AF493630D190C11B3B38DF67 /* [CP] Embed Pods Frameworks */,
				CF60EC61A89C0A3AC81D868A /* [CP] Copy Pods Resources */,
			);
			buildRules = (
			);
			dependencies = (
				57F624BC1F1E54F500211673 /* PBXTargetDependency */,
			);
			name = productTweeper;
			productName = productTweeper;
			productReference = 576047EF1F0AACC20066F1D0 /* productTweeper.app */;
			productType = "com.apple.product-type.application";
		};
		576048051F0AACC30066F1D0 /* productTweeperTests */ = {
			isa = PBXNativeTarget;
			buildConfigurationList = 5760481D1F0AACC30066F1D0 /* Build configuration list for PBXNativeTarget "productTweeperTests" */;
			buildPhases = (
				40500281447BBDE89A9D5A3C /* [CP] Check Pods Manifest.lock */,
				576048021F0AACC30066F1D0 /* Sources */,
				576048031F0AACC30066F1D0 /* Frameworks */,
				576048041F0AACC30066F1D0 /* Resources */,
				63AF13194810A71CD98A296E /* [CP] Embed Pods Frameworks */,
				92CE126138567657320E6479 /* [CP] Copy Pods Resources */,
			);
			buildRules = (
			);
			dependencies = (
				576048081F0AACC30066F1D0 /* PBXTargetDependency */,
			);
			name = productTweeperTests;
			productName = productTweeperTests;
			productReference = 576048061F0AACC30066F1D0 /* productTweeperTests.xctest */;
			productType = "com.apple.product-type.bundle.unit-test";
		};
		576048101F0AACC30066F1D0 /* productTweeperUITests */ = {
			isa = PBXNativeTarget;
			buildConfigurationList = 576048201F0AACC30066F1D0 /* Build configuration list for PBXNativeTarget "productTweeperUITests" */;
			buildPhases = (
				673845307A4C550DB08EABD3 /* [CP] Check Pods Manifest.lock */,
				5760480D1F0AACC30066F1D0 /* Sources */,
				5760480E1F0AACC30066F1D0 /* Frameworks */,
				5760480F1F0AACC30066F1D0 /* Resources */,
				76232D71D30E3CDE783AC11E /* [CP] Embed Pods Frameworks */,
				A472969AE1A779CF5873120D /* [CP] Copy Pods Resources */,
			);
			buildRules = (
			);
			dependencies = (
				576048131F0AACC30066F1D0 /* PBXTargetDependency */,
			);
			name = productTweeperUITests;
			productName = productTweeperUITests;
			productReference = 576048111F0AACC30066F1D0 /* productTweeperUITests.xctest */;
			productType = "com.apple.product-type.bundle.ui-testing";
		};
/* End PBXNativeTarget section */

/* Begin PBXProject section */
		576047E71F0AACC20066F1D0 /* Project object */ = {
			isa = PBXProject;
			attributes = {
				LastSwiftUpdateCheck = 0830;
				LastUpgradeCheck = 0830;
				ORGANIZATIONNAME = "Andrzej Semeniuk";
				TargetAttributes = {
					576047EE1F0AACC20066F1D0 = {
						CreatedOnToolsVersion = 8.3.3;
						DevelopmentTeam = 5AKM62S97F;
						ProvisioningStyle = Automatic;
					};
					576048051F0AACC30066F1D0 = {
						CreatedOnToolsVersion = 8.3.3;
						DevelopmentTeam = 5AKM62S97F;
						ProvisioningStyle = Automatic;
						TestTargetID = 576047EE1F0AACC20066F1D0;
					};
					576048101F0AACC30066F1D0 = {
						CreatedOnToolsVersion = 8.3.3;
						DevelopmentTeam = 5AKM62S97F;
						ProvisioningStyle = Automatic;
						TestTargetID = 576047EE1F0AACC20066F1D0;
					};
				};
			};
			buildConfigurationList = 576047EA1F0AACC20066F1D0 /* Build configuration list for PBXProject "productTweeper" */;
			compatibilityVersion = "Xcode 3.2";
			developmentRegion = English;
			hasScannedForEncodings = 0;
			knownRegions = (
				en,
				Base,
			);
			mainGroup = 576047E61F0AACC20066F1D0;
			productRefGroup = 576047F01F0AACC20066F1D0 /* Products */;
			projectDirPath = "";
			projectReferences = (
				{
					ProductGroup = 579712FC1F1E5432001C4AE3 /* Products */;
					ProjectRef = 579712FB1F1E5432001C4AE3 /* ASToolkit.xcodeproj */;
				},
			);
			projectRoot = "";
			targets = (
				576047EE1F0AACC20066F1D0 /* productTweeper */,
				576048051F0AACC30066F1D0 /* productTweeperTests */,
				576048101F0AACC30066F1D0 /* productTweeperUITests */,
			);
		};
/* End PBXProject section */

/* Begin PBXReferenceProxy section */
		579713011F1E5432001C4AE3 /* ASToolkit.framework */ = {
			isa = PBXReferenceProxy;
			fileType = wrapper.framework;
			path = ASToolkit.framework;
			remoteRef = 579713001F1E5432001C4AE3 /* PBXContainerItemProxy */;
			sourceTree = BUILT_PRODUCTS_DIR;
		};
		579713031F1E5432001C4AE3 /* ASToolkitTests.xctest */ = {
			isa = PBXReferenceProxy;
			fileType = wrapper.cfbundle;
			path = ASToolkitTests.xctest;
			remoteRef = 579713021F1E5432001C4AE3 /* PBXContainerItemProxy */;
			sourceTree = BUILT_PRODUCTS_DIR;
		};
/* End PBXReferenceProxy section */

/* Begin PBXResourcesBuildPhase section */
		576047ED1F0AACC20066F1D0 /* Resources */ = {
			isa = PBXResourcesBuildPhase;
			buildActionMask = 2147483647;
			files = (
				576048001F0AACC20066F1D0 /* LaunchScreen.storyboard in Resources */,
				576047FD1F0AACC20066F1D0 /* Assets.xcassets in Resources */,
				57A5354F1F2055170048BA8F /* TweetView.xib in Resources */,
				576047F81F0AACC20066F1D0 /* Main.storyboard in Resources */,
			);
			runOnlyForDeploymentPostprocessing = 0;
		};
		576048041F0AACC30066F1D0 /* Resources */ = {
			isa = PBXResourcesBuildPhase;
			buildActionMask = 2147483647;
			files = (
			);
			runOnlyForDeploymentPostprocessing = 0;
		};
		5760480F1F0AACC30066F1D0 /* Resources */ = {
			isa = PBXResourcesBuildPhase;
			buildActionMask = 2147483647;
			files = (
			);
			runOnlyForDeploymentPostprocessing = 0;
		};
/* End PBXResourcesBuildPhase section */

/* Begin PBXShellScriptBuildPhase section */
		40500281447BBDE89A9D5A3C /* [CP] Check Pods Manifest.lock */ = {
			isa = PBXShellScriptBuildPhase;
			buildActionMask = 2147483647;
			files = (
			);
			inputPaths = (
			);
			name = "[CP] Check Pods Manifest.lock";
			outputPaths = (
			);
			runOnlyForDeploymentPostprocessing = 0;
			shellPath = /bin/sh;
			shellScript = "diff \"${PODS_PODFILE_DIR_PATH}/Podfile.lock\" \"${PODS_ROOT}/Manifest.lock\" > /dev/null\nif [ $? != 0 ] ; then\n    # print error to STDERR\n    echo \"error: The sandbox is not in sync with the Podfile.lock. Run 'pod install' or update your CocoaPods installation.\" >&2\n    exit 1\nfi\n";
			showEnvVarsInLog = 0;
		};
		5A511611B31AAABF35698E5B /* [CP] Check Pods Manifest.lock */ = {
			isa = PBXShellScriptBuildPhase;
			buildActionMask = 2147483647;
			files = (
			);
			inputPaths = (
			);
			name = "[CP] Check Pods Manifest.lock";
			outputPaths = (
			);
			runOnlyForDeploymentPostprocessing = 0;
			shellPath = /bin/sh;
			shellScript = "diff \"${PODS_PODFILE_DIR_PATH}/Podfile.lock\" \"${PODS_ROOT}/Manifest.lock\" > /dev/null\nif [ $? != 0 ] ; then\n    # print error to STDERR\n    echo \"error: The sandbox is not in sync with the Podfile.lock. Run 'pod install' or update your CocoaPods installation.\" >&2\n    exit 1\nfi\n";
			showEnvVarsInLog = 0;
		};
		63AF13194810A71CD98A296E /* [CP] Embed Pods Frameworks */ = {
			isa = PBXShellScriptBuildPhase;
			buildActionMask = 2147483647;
			files = (
			);
			inputPaths = (
			);
			name = "[CP] Embed Pods Frameworks";
			outputPaths = (
			);
			runOnlyForDeploymentPostprocessing = 0;
			shellPath = /bin/sh;
			shellScript = "\"${SRCROOT}/Pods/Target Support Files/Pods-productTweeperTests/Pods-productTweeperTests-frameworks.sh\"\n";
			showEnvVarsInLog = 0;
		};
		673845307A4C550DB08EABD3 /* [CP] Check Pods Manifest.lock */ = {
			isa = PBXShellScriptBuildPhase;
			buildActionMask = 2147483647;
			files = (
			);
			inputPaths = (
			);
			name = "[CP] Check Pods Manifest.lock";
			outputPaths = (
			);
			runOnlyForDeploymentPostprocessing = 0;
			shellPath = /bin/sh;
			shellScript = "diff \"${PODS_PODFILE_DIR_PATH}/Podfile.lock\" \"${PODS_ROOT}/Manifest.lock\" > /dev/null\nif [ $? != 0 ] ; then\n    # print error to STDERR\n    echo \"error: The sandbox is not in sync with the Podfile.lock. Run 'pod install' or update your CocoaPods installation.\" >&2\n    exit 1\nfi\n";
			showEnvVarsInLog = 0;
		};
		76232D71D30E3CDE783AC11E /* [CP] Embed Pods Frameworks */ = {
			isa = PBXShellScriptBuildPhase;
			buildActionMask = 2147483647;
			files = (
			);
			inputPaths = (
			);
			name = "[CP] Embed Pods Frameworks";
			outputPaths = (
			);
			runOnlyForDeploymentPostprocessing = 0;
			shellPath = /bin/sh;
			shellScript = "\"${SRCROOT}/Pods/Target Support Files/Pods-productTweeperUITests/Pods-productTweeperUITests-frameworks.sh\"\n";
			showEnvVarsInLog = 0;
		};
		92CE126138567657320E6479 /* [CP] Copy Pods Resources */ = {
			isa = PBXShellScriptBuildPhase;
			buildActionMask = 2147483647;
			files = (
			);
			inputPaths = (
			);
			name = "[CP] Copy Pods Resources";
			outputPaths = (
			);
			runOnlyForDeploymentPostprocessing = 0;
			shellPath = /bin/sh;
			shellScript = "\"${SRCROOT}/Pods/Target Support Files/Pods-productTweeperTests/Pods-productTweeperTests-resources.sh\"\n";
			showEnvVarsInLog = 0;
		};
		A472969AE1A779CF5873120D /* [CP] Copy Pods Resources */ = {
			isa = PBXShellScriptBuildPhase;
			buildActionMask = 2147483647;
			files = (
			);
			inputPaths = (
			);
			name = "[CP] Copy Pods Resources";
			outputPaths = (
			);
			runOnlyForDeploymentPostprocessing = 0;
			shellPath = /bin/sh;
			shellScript = "\"${SRCROOT}/Pods/Target Support Files/Pods-productTweeperUITests/Pods-productTweeperUITests-resources.sh\"\n";
			showEnvVarsInLog = 0;
		};
		AF493630D190C11B3B38DF67 /* [CP] Embed Pods Frameworks */ = {
			isa = PBXShellScriptBuildPhase;
			buildActionMask = 2147483647;
			files = (
			);
			inputPaths = (
			);
			name = "[CP] Embed Pods Frameworks";
			outputPaths = (
			);
			runOnlyForDeploymentPostprocessing = 0;
			shellPath = /bin/sh;
			shellScript = "\"${SRCROOT}/Pods/Target Support Files/Pods-productTweeper/Pods-productTweeper-frameworks.sh\"\n";
			showEnvVarsInLog = 0;
		};
		CF60EC61A89C0A3AC81D868A /* [CP] Copy Pods Resources */ = {
			isa = PBXShellScriptBuildPhase;
			buildActionMask = 2147483647;
			files = (
			);
			inputPaths = (
			);
			name = "[CP] Copy Pods Resources";
			outputPaths = (
			);
			runOnlyForDeploymentPostprocessing = 0;
			shellPath = /bin/sh;
			shellScript = "\"${SRCROOT}/Pods/Target Support Files/Pods-productTweeper/Pods-productTweeper-resources.sh\"\n";
			showEnvVarsInLog = 0;
		};
/* End PBXShellScriptBuildPhase section */

/* Begin PBXSourcesBuildPhase section */
		576047EB1F0AACC20066F1D0 /* Sources */ = {
			isa = PBXSourcesBuildPhase;
			buildActionMask = 2147483647;
			files = (
				575268C41F20468400F8D8B2 /* Consumer.swift in Sources */,
				575268BA1F20451800F8D8B2 /* ViewControllerForScreenSearch.swift in Sources */,
				570FC1BE1F0BEA1700FEAC03 /* ViewControllerForScreenFilter.swift in Sources */,
				5752688C1F1EF3BA00F8D8B2 /* Search.swift in Sources */,
				5748C4931F21494C000D2111 /* AlamofireSwiftyJSON.swift in Sources */,
				571DDEAA1F26775300FB5841 /* GenericControllerOfSettings.swift in Sources */,
				570FC1C01F0BEA2900FEAC03 /* ViewControllerForScreenPreferences.swift in Sources */,
				575268881F1E868800F8D8B2 /* Preferences.swift in Sources */,
				5790225D1F28F6E700F26BF2 /* GenericSetting.swift in Sources */,
				571DDEA81F26775300FB5841 /* GenericControllerOfPickerOfColor.swift in Sources */,
				576047FB1F0AACC20066F1D0 /* productTweeper.xcdatamodeld in Sources */,
				575268C21F20466800F8D8B2 /* User.swift in Sources */,
				576047F51F0AACC20066F1D0 /* ViewControllerForScreenMain.swift in Sources */,
				575268BC1F2045EB00F8D8B2 /* TweetModel.swift in Sources */,
				575268C01F20464800F8D8B2 /* Twitter.swift in Sources */,
				570FC1BA1F0BE9DB00FEAC03 /* ViewControllerForScreenManagerOfSearch.swift in Sources */,
				575268BE1F2045FB00F8D8B2 /* TweetView.swift in Sources */,
				571DDEA71F26775300FB5841 /* GenericControllerOfList.swift in Sources */,
				571DDEA91F26775300FB5841 /* GenericControllerOfPickerOfFont.swift in Sources */,
				579727B31F214E6C00C302E7 /* ExtensionForAlamofireImage.swift in Sources */,
				576047F31F0AACC20066F1D0 /* AppDelegate.swift in Sources */,
			);
			runOnlyForDeploymentPostprocessing = 0;
		};
		576048021F0AACC30066F1D0 /* Sources */ = {
			isa = PBXSourcesBuildPhase;
			buildActionMask = 2147483647;
			files = (
				5760480B1F0AACC30066F1D0 /* productTweeperTests.swift in Sources */,
			);
			runOnlyForDeploymentPostprocessing = 0;
		};
		5760480D1F0AACC30066F1D0 /* Sources */ = {
			isa = PBXSourcesBuildPhase;
			buildActionMask = 2147483647;
			files = (
				576048161F0AACC30066F1D0 /* productTweeperUITests.swift in Sources */,
			);
			runOnlyForDeploymentPostprocessing = 0;
		};
/* End PBXSourcesBuildPhase section */

/* Begin PBXTargetDependency section */
		576048081F0AACC30066F1D0 /* PBXTargetDependency */ = {
			isa = PBXTargetDependency;
			target = 576047EE1F0AACC20066F1D0 /* productTweeper */;
			targetProxy = 576048071F0AACC30066F1D0 /* PBXContainerItemProxy */;
		};
		576048131F0AACC30066F1D0 /* PBXTargetDependency */ = {
			isa = PBXTargetDependency;
			target = 576047EE1F0AACC20066F1D0 /* productTweeper */;
			targetProxy = 576048121F0AACC30066F1D0 /* PBXContainerItemProxy */;
		};
		57F624BC1F1E54F500211673 /* PBXTargetDependency */ = {
			isa = PBXTargetDependency;
			name = ASToolkit;
			targetProxy = 57F624BB1F1E54F500211673 /* PBXContainerItemProxy */;
		};
/* End PBXTargetDependency section */

/* Begin PBXVariantGroup section */
		576047F61F0AACC20066F1D0 /* Main.storyboard */ = {
			isa = PBXVariantGroup;
			children = (
				576047F71F0AACC20066F1D0 /* Base */,
			);
			name = Main.storyboard;
			sourceTree = "<group>";
		};
		576047FE1F0AACC20066F1D0 /* LaunchScreen.storyboard */ = {
			isa = PBXVariantGroup;
			children = (
				576047FF1F0AACC20066F1D0 /* Base */,
			);
			name = LaunchScreen.storyboard;
			sourceTree = "<group>";
		};
/* End PBXVariantGroup section */

/* Begin XCBuildConfiguration section */
		576048181F0AACC30066F1D0 /* Debug */ = {
			isa = XCBuildConfiguration;
			buildSettings = {
				ALWAYS_SEARCH_USER_PATHS = NO;
				CLANG_ANALYZER_NONNULL = YES;
				CLANG_ANALYZER_NUMBER_OBJECT_CONVERSION = YES_AGGRESSIVE;
				CLANG_CXX_LANGUAGE_STANDARD = "gnu++0x";
				CLANG_CXX_LIBRARY = "libc++";
				CLANG_ENABLE_MODULES = YES;
				CLANG_ENABLE_OBJC_ARC = YES;
				CLANG_WARN_BOOL_CONVERSION = YES;
				CLANG_WARN_CONSTANT_CONVERSION = YES;
				CLANG_WARN_DIRECT_OBJC_ISA_USAGE = YES_ERROR;
				CLANG_WARN_DOCUMENTATION_COMMENTS = YES;
				CLANG_WARN_EMPTY_BODY = YES;
				CLANG_WARN_ENUM_CONVERSION = YES;
				CLANG_WARN_INFINITE_RECURSION = YES;
				CLANG_WARN_INT_CONVERSION = YES;
				CLANG_WARN_OBJC_ROOT_CLASS = YES_ERROR;
				CLANG_WARN_SUSPICIOUS_MOVE = YES;
				CLANG_WARN_UNREACHABLE_CODE = YES;
				CLANG_WARN__DUPLICATE_METHOD_MATCH = YES;
				"CODE_SIGN_IDENTITY[sdk=iphoneos*]" = "iPhone Developer";
				COPY_PHASE_STRIP = NO;
				DEBUG_INFORMATION_FORMAT = dwarf;
				ENABLE_STRICT_OBJC_MSGSEND = YES;
				ENABLE_TESTABILITY = YES;
				GCC_C_LANGUAGE_STANDARD = gnu99;
				GCC_DYNAMIC_NO_PIC = NO;
				GCC_NO_COMMON_BLOCKS = YES;
				GCC_OPTIMIZATION_LEVEL = 0;
				GCC_PREPROCESSOR_DEFINITIONS = (
					"DEBUG=1",
					"$(inherited)",
				);
				GCC_WARN_64_TO_32_BIT_CONVERSION = YES;
				GCC_WARN_ABOUT_RETURN_TYPE = YES_ERROR;
				GCC_WARN_UNDECLARED_SELECTOR = YES;
				GCC_WARN_UNINITIALIZED_AUTOS = YES_AGGRESSIVE;
				GCC_WARN_UNUSED_FUNCTION = YES;
				GCC_WARN_UNUSED_VARIABLE = YES;
				IPHONEOS_DEPLOYMENT_TARGET = 10.3;
				MTL_ENABLE_DEBUG_INFO = YES;
				ONLY_ACTIVE_ARCH = YES;
				SDKROOT = iphoneos;
				SWIFT_ACTIVE_COMPILATION_CONDITIONS = DEBUG;
				SWIFT_OPTIMIZATION_LEVEL = "-Onone";
			};
			name = Debug;
		};
		576048191F0AACC30066F1D0 /* Release */ = {
			isa = XCBuildConfiguration;
			buildSettings = {
				ALWAYS_SEARCH_USER_PATHS = NO;
				CLANG_ANALYZER_NONNULL = YES;
				CLANG_ANALYZER_NUMBER_OBJECT_CONVERSION = YES_AGGRESSIVE;
				CLANG_CXX_LANGUAGE_STANDARD = "gnu++0x";
				CLANG_CXX_LIBRARY = "libc++";
				CLANG_ENABLE_MODULES = YES;
				CLANG_ENABLE_OBJC_ARC = YES;
				CLANG_WARN_BOOL_CONVERSION = YES;
				CLANG_WARN_CONSTANT_CONVERSION = YES;
				CLANG_WARN_DIRECT_OBJC_ISA_USAGE = YES_ERROR;
				CLANG_WARN_DOCUMENTATION_COMMENTS = YES;
				CLANG_WARN_EMPTY_BODY = YES;
				CLANG_WARN_ENUM_CONVERSION = YES;
				CLANG_WARN_INFINITE_RECURSION = YES;
				CLANG_WARN_INT_CONVERSION = YES;
				CLANG_WARN_OBJC_ROOT_CLASS = YES_ERROR;
				CLANG_WARN_SUSPICIOUS_MOVE = YES;
				CLANG_WARN_UNREACHABLE_CODE = YES;
				CLANG_WARN__DUPLICATE_METHOD_MATCH = YES;
				"CODE_SIGN_IDENTITY[sdk=iphoneos*]" = "iPhone Developer";
				COPY_PHASE_STRIP = NO;
				DEBUG_INFORMATION_FORMAT = "dwarf-with-dsym";
				ENABLE_NS_ASSERTIONS = NO;
				ENABLE_STRICT_OBJC_MSGSEND = YES;
				GCC_C_LANGUAGE_STANDARD = gnu99;
				GCC_NO_COMMON_BLOCKS = YES;
				GCC_WARN_64_TO_32_BIT_CONVERSION = YES;
				GCC_WARN_ABOUT_RETURN_TYPE = YES_ERROR;
				GCC_WARN_UNDECLARED_SELECTOR = YES;
				GCC_WARN_UNINITIALIZED_AUTOS = YES_AGGRESSIVE;
				GCC_WARN_UNUSED_FUNCTION = YES;
				GCC_WARN_UNUSED_VARIABLE = YES;
				IPHONEOS_DEPLOYMENT_TARGET = 10.3;
				MTL_ENABLE_DEBUG_INFO = NO;
				SDKROOT = iphoneos;
				SWIFT_OPTIMIZATION_LEVEL = "-Owholemodule";
				VALIDATE_PRODUCT = YES;
			};
			name = Release;
		};
		5760481B1F0AACC30066F1D0 /* Debug */ = {
			isa = XCBuildConfiguration;
			baseConfigurationReference = 1410290E1A21A822AFC50D3A /* Pods-productTweeper.debug.xcconfig */;
			buildSettings = {
				ALWAYS_EMBED_SWIFT_STANDARD_LIBRARIES = YES;
				ASSETCATALOG_COMPILER_APPICON_NAME = AppIcon;
				DEVELOPMENT_TEAM = 5AKM62S97F;
				INFOPLIST_FILE = productTweeper/Info.plist;
				IPHONEOS_DEPLOYMENT_TARGET = 10.0;
				LD_RUNPATH_SEARCH_PATHS = "$(inherited) @executable_path/Frameworks";
				PRODUCT_BUNDLE_IDENTIFIER = com.tinygamefactory.twitter1;
				PRODUCT_NAME = "$(TARGET_NAME)";
				SWIFT_VERSION = 3.0;
			};
			name = Debug;
		};
		5760481C1F0AACC30066F1D0 /* Release */ = {
			isa = XCBuildConfiguration;
			baseConfigurationReference = D022AD334CDEF5C8029F9060 /* Pods-productTweeper.release.xcconfig */;
			buildSettings = {
				ALWAYS_EMBED_SWIFT_STANDARD_LIBRARIES = YES;
				ASSETCATALOG_COMPILER_APPICON_NAME = AppIcon;
				DEVELOPMENT_TEAM = 5AKM62S97F;
				INFOPLIST_FILE = productTweeper/Info.plist;
				IPHONEOS_DEPLOYMENT_TARGET = 10.0;
				LD_RUNPATH_SEARCH_PATHS = "$(inherited) @executable_path/Frameworks";
				PRODUCT_BUNDLE_IDENTIFIER = com.tinygamefactory.twitter1;
				PRODUCT_NAME = "$(TARGET_NAME)";
				SWIFT_VERSION = 3.0;
			};
			name = Release;
		};
		5760481E1F0AACC30066F1D0 /* Debug */ = {
			isa = XCBuildConfiguration;
			baseConfigurationReference = 4DBC16F76C479E2256870FDB /* Pods-productTweeperTests.debug.xcconfig */;
			buildSettings = {
				ALWAYS_EMBED_SWIFT_STANDARD_LIBRARIES = YES;
				BUNDLE_LOADER = "$(TEST_HOST)";
				DEVELOPMENT_TEAM = 5AKM62S97F;
				INFOPLIST_FILE = productTweeperTests/Info.plist;
				LD_RUNPATH_SEARCH_PATHS = "$(inherited) @executable_path/Frameworks @loader_path/Frameworks";
				PRODUCT_BUNDLE_IDENTIFIER = com.andrzejsemeniuk.productTweeperTests;
				PRODUCT_NAME = "$(TARGET_NAME)";
				SWIFT_VERSION = 3.0;
				TEST_HOST = "$(BUILT_PRODUCTS_DIR)/productTweeper.app/productTweeper";
			};
			name = Debug;
		};
		5760481F1F0AACC30066F1D0 /* Release */ = {
			isa = XCBuildConfiguration;
			baseConfigurationReference = 3D90ADEE629B123E2BE24665 /* Pods-productTweeperTests.release.xcconfig */;
			buildSettings = {
				ALWAYS_EMBED_SWIFT_STANDARD_LIBRARIES = YES;
				BUNDLE_LOADER = "$(TEST_HOST)";
				DEVELOPMENT_TEAM = 5AKM62S97F;
				INFOPLIST_FILE = productTweeperTests/Info.plist;
				LD_RUNPATH_SEARCH_PATHS = "$(inherited) @executable_path/Frameworks @loader_path/Frameworks";
				PRODUCT_BUNDLE_IDENTIFIER = com.andrzejsemeniuk.productTweeperTests;
				PRODUCT_NAME = "$(TARGET_NAME)";
				SWIFT_VERSION = 3.0;
				TEST_HOST = "$(BUILT_PRODUCTS_DIR)/productTweeper.app/productTweeper";
			};
			name = Release;
		};
		576048211F0AACC30066F1D0 /* Debug */ = {
			isa = XCBuildConfiguration;
			baseConfigurationReference = C26E688D5DB409311CD6D148 /* Pods-productTweeperUITests.debug.xcconfig */;
			buildSettings = {
				ALWAYS_EMBED_SWIFT_STANDARD_LIBRARIES = YES;
				DEVELOPMENT_TEAM = 5AKM62S97F;
				INFOPLIST_FILE = productTweeperUITests/Info.plist;
				LD_RUNPATH_SEARCH_PATHS = "$(inherited) @executable_path/Frameworks @loader_path/Frameworks";
				PRODUCT_BUNDLE_IDENTIFIER = com.andrzejsemeniuk.productTweeperUITests;
				PRODUCT_NAME = "$(TARGET_NAME)";
				SWIFT_VERSION = 3.0;
				TEST_TARGET_NAME = productTweeper;
			};
			name = Debug;
		};
		576048221F0AACC30066F1D0 /* Release */ = {
			isa = XCBuildConfiguration;
			baseConfigurationReference = 3E8DFDE30A658570B3F68C67 /* Pods-productTweeperUITests.release.xcconfig */;
			buildSettings = {
				ALWAYS_EMBED_SWIFT_STANDARD_LIBRARIES = YES;
				DEVELOPMENT_TEAM = 5AKM62S97F;
				INFOPLIST_FILE = productTweeperUITests/Info.plist;
				LD_RUNPATH_SEARCH_PATHS = "$(inherited) @executable_path/Frameworks @loader_path/Frameworks";
				PRODUCT_BUNDLE_IDENTIFIER = com.andrzejsemeniuk.productTweeperUITests;
				PRODUCT_NAME = "$(TARGET_NAME)";
				SWIFT_VERSION = 3.0;
				TEST_TARGET_NAME = productTweeper;
			};
			name = Release;
		};
/* End XCBuildConfiguration section */

/* Begin XCConfigurationList section */
		576047EA1F0AACC20066F1D0 /* Build configuration list for PBXProject "productTweeper" */ = {
			isa = XCConfigurationList;
			buildConfigurations = (
				576048181F0AACC30066F1D0 /* Debug */,
				576048191F0AACC30066F1D0 /* Release */,
			);
			defaultConfigurationIsVisible = 0;
			defaultConfigurationName = Release;
		};
		5760481A1F0AACC30066F1D0 /* Build configuration list for PBXNativeTarget "productTweeper" */ = {
			isa = XCConfigurationList;
			buildConfigurations = (
				5760481B1F0AACC30066F1D0 /* Debug */,
				5760481C1F0AACC30066F1D0 /* Release */,
			);
			defaultConfigurationIsVisible = 0;
			defaultConfigurationName = Release;
		};
		5760481D1F0AACC30066F1D0 /* Build configuration list for PBXNativeTarget "productTweeperTests" */ = {
			isa = XCConfigurationList;
			buildConfigurations = (
				5760481E1F0AACC30066F1D0 /* Debug */,
				5760481F1F0AACC30066F1D0 /* Release */,
			);
			defaultConfigurationIsVisible = 0;
			defaultConfigurationName = Release;
		};
		576048201F0AACC30066F1D0 /* Build configuration list for PBXNativeTarget "productTweeperUITests" */ = {
			isa = XCConfigurationList;
			buildConfigurations = (
				576048211F0AACC30066F1D0 /* Debug */,
				576048221F0AACC30066F1D0 /* Release */,
			);
			defaultConfigurationIsVisible = 0;
			defaultConfigurationName = Release;
		};
/* End XCConfigurationList section */

/* Begin XCVersionGroup section */
		576047F91F0AACC20066F1D0 /* productTweeper.xcdatamodeld */ = {
			isa = XCVersionGroup;
			children = (
				576047FA1F0AACC20066F1D0 /* productTweeper.xcdatamodel */,
			);
			currentVersion = 576047FA1F0AACC20066F1D0 /* productTweeper.xcdatamodel */;
			path = productTweeper.xcdatamodeld;
			sourceTree = "<group>";
			versionGroupType = wrapper.xcdatamodel;
		};
/* End XCVersionGroup section */
	};
	rootObject = 576047E71F0AACC20066F1D0 /* Project object */;
}
